{
  "version": "4",
  "specifiers": {
    "jsr:@std/assert@*": "1.0.7",
    "jsr:@std/internal@^1.0.5": "1.0.5"
  },
  "jsr": {
    "@std/assert@1.0.7": {
      "integrity": "64ce9fac879e0b9f3042a89b3c3f8ccfc9c984391af19e2087513a79d73e28c3",
      "dependencies": [
        "jsr:@std/internal"
      ]
    },
    "@std/internal@1.0.5": {
      "integrity": "54a546004f769c1ac9e025abd15a76b6671ddc9687e2313b67376125650dc7ba"
    }
  }
}
